
Microsoft Visual Studio Solution File, Format Version 12.00
# Visual Studio Version 17
VisualStudioVersion = 17.8.34330.188
MinimumVisualStudioVersion = 10.0.40219.1
Project("{FAE04EC0-301F-11D3-BF4B-00C04F79EFBC}") = "CompraArtículosLínea", "CompraArtículosLínea\CompraArtículosLínea.csproj", "{CD6AB989-0D32-465D-89CD-C04D3491FF2E}"
EndProject
Global
	GlobalSection(SolutionConfigurationPlatforms) = preSolution
		Debug|Any CPU = Debug|Any CPU
		Release|Any CPU = Release|Any CPU
	EndGlobalSection
	GlobalSection(ProjectConfigurationPlatforms) = postSolution
		{CD6AB989-0D32-465D-89CD-C04D3491FF2E}.Debug|Any CPU.ActiveCfg = Debug|Any CPU
		{CD6AB989-0D32-465D-89CD-C04D3491FF2E}.Debug|Any CPU.Build.0 = Debug|Any CPU
		{CD6AB989-0D32-465D-89CD-C04D3491FF2E}.Release|Any CPU.ActiveCfg = Release|Any CPU
		{CD6AB989-0D32-465D-89CD-C04D3491FF2E}.Release|Any CPU.Build.0 = Release|Any CPU
	EndGlobalSection
	GlobalSection(SolutionProperties) = preSolution
		HideSolutionNode = FALSE
	EndGlobalSection
	GlobalSection(ExtensibilityGlobals) = postSolution
		SolutionGuid = {E092B60A-E2C3-441F-892B-3A3B22B1EA9A}
	EndGlobalSection
EndGlobal
